
Microsoft Visual Studio Solution File, Format Version 12.00
# Visual Studio Version 16
VisualStudioVersion = 16.0.30711.63
MinimumVisualStudioVersion = 10.0.40219.1
Project("{FAE04EC0-301F-11D3-BF4B-00C04F79EFBC}") = "Week7tut", "Week7tut\Week7tut.csproj", "{6354E490-D270-4466-80D0-BC0DC813F0F3}"
EndProject
Global
	GlobalSection(SolutionConfigurationPlatforms) = preSolution
		Debug|Any CPU = Debug|Any CPU
		Release|Any CPU = Release|Any CPU
	EndGlobalSection
	GlobalSection(ProjectConfigurationPlatforms) = postSolution
		{6354E490-D270-4466-80D0-BC0DC813F0F3}.Debug|Any CPU.ActiveCfg = Debug|Any CPU
		{6354E490-D270-4466-80D0-BC0DC813F0F3}.Debug|Any CPU.Build.0 = Debug|Any CPU
		{6354E490-D270-4466-80D0-BC0DC813F0F3}.Release|Any CPU.ActiveCfg = Release|Any CPU
		{6354E490-D270-4466-80D0-BC0DC813F0F3}.Release|Any CPU.Build.0 = Release|Any CPU
	EndGlobalSection
	GlobalSection(SolutionProperties) = preSolution
		HideSolutionNode = FALSE
	EndGlobalSection
	GlobalSection(ExtensibilityGlobals) = postSolution
		SolutionGuid = {284EAA9B-A4AF-41E9-B628-8FCC50C13214}
	EndGlobalSection
EndGlobal
